
Microsoft Visual Studio Solution File, Format Version 12.00
# Visual Studio Version 17
VisualStudioVersion = 17.11.35312.102
MinimumVisualStudioVersion = 10.0.40219.1
Project("{FAE04EC0-301F-11D3-BF4B-00C04F79EFBC}") = "rainingdogs", "rainingdogs.csproj", "{A7BECD52-0FB9-4FB6-B708-4C66EFABA549}"
EndProject
Global
	GlobalSection(SolutionConfigurationPlatforms) = preSolution
		Debug|Any CPU = Debug|Any CPU
		Release|Any CPU = Release|Any CPU
	EndGlobalSection
	GlobalSection(ProjectConfigurationPlatforms) = postSolution
		{A7BECD52-0FB9-4FB6-B708-4C66EFABA549}.Debug|Any CPU.ActiveCfg = Debug|Any CPU
		{A7BECD52-0FB9-4FB6-B708-4C66EFABA549}.Debug|Any CPU.Build.0 = Debug|Any CPU
		{A7BECD52-0FB9-4FB6-B708-4C66EFABA549}.Release|Any CPU.ActiveCfg = Release|Any CPU
		{A7BECD52-0FB9-4FB6-B708-4C66EFABA549}.Release|Any CPU.Build.0 = Release|Any CPU
	EndGlobalSection
	GlobalSection(SolutionProperties) = preSolution
		HideSolutionNode = FALSE
	EndGlobalSection
	GlobalSection(ExtensibilityGlobals) = postSolution
		SolutionGuid = {6D813CED-A29E-48AC-BE52-3D2ABC127185}
	EndGlobalSection
EndGlobal
